{
  "nodes": {
    "darwin": {
      "inputs": {
        "nixpkgs": [
          "nixpkgs"
        ]
      },
      "locked": {
        "lastModified": 1681154394,
        "narHash": "sha256-avnu1K9AuouygBiwVKuDp6emiTET43az3rcpv0ctLjc=",
        "owner": "lnl7",
        "repo": "nix-darwin",
        "rev": "025912529dd0b31dead95519e944ea05f1ad56f2",
        "type": "github"
      },
      "original": {
        "owner": "lnl7",
        "repo": "nix-darwin",
        "type": "github"
      }
    },
    "home-manager": {
      "inputs": {
        "nixpkgs": [
          "nixpkgs"
        ]
      },
      "locked": {
        "lastModified": 1681971090,
        "narHash": "sha256-3j0M63GkG6GGny9e+C//GyuDCx1IwrurD27S0YI+GQY=",
        "owner": "nix-community",
        "repo": "home-manager",
        "rev": "5160039edca28a7e66bad0cfc72a07c91d6768ad",
        "type": "github"
      },
      "original": {
        "owner": "nix-community",
        "repo": "home-manager",
        "type": "github"
      }
    },
    "nixpkgs": {
      "locked": {
        "lastModified": 1681753173,
        "narHash": "sha256-MrGmzZWLUqh2VstoikKLFFIELXm/lsf/G9U9zR96VD4=",
        "owner": "NixOS",
        "repo": "nixpkgs",
        "rev": "0a4206a51b386e5cda731e8ac78d76ad924c7125",
        "type": "github"
      },
      "original": {
        "owner": "NixOS",
        "ref": "nixpkgs-unstable",
        "repo": "nixpkgs",
        "type": "github"
      }
    },
    "root": {
      "inputs": {
        "darwin": "darwin",
        "home-manager": "home-manager",
        "nixpkgs": "nixpkgs"
      }
    }
  },
  "root": "root",
  "version": 7
}
